
Microsoft Visual Studio Solution File, Format Version 12.00
# Visual Studio 15
VisualStudioVersion = 15.0.28307.572
MinimumVisualStudioVersion = 10.0.40219.1
Project("{9A19103F-16F7-4668-BE54-9A1E7A4F7556}") = "pipelines-dotnet-core", "pipelines-dotnet-core.csproj", "{BCF6C142-2011-47B3-B276-BF112E3F2DB0}"
EndProject
Global
	GlobalSection(SolutionConfigurationPlatforms) = preSolution
		Debug|Any CPU = Debug|Any CPU
		Release|Any CPU = Release|Any CPU
	EndGlobalSection
	GlobalSection(ProjectConfigurationPlatforms) = postSolution
		{BCF6C142-2011-47B3-B276-BF112E3F2DB0}.Debug|Any CPU.ActiveCfg = Debug|Any CPU
		{BCF6C142-2011-47B3-B276-BF112E3F2DB0}.Debug|Any CPU.Build.0 = Debug|Any CPU
		{BCF6C142-2011-47B3-B276-BF112E3F2DB0}.Release|Any CPU.ActiveCfg = Release|Any CPU
		{BCF6C142-2011-47B3-B276-BF112E3F2DB0}.Release|Any CPU.Build.0 = Release|Any CPU
	EndGlobalSection
	GlobalSection(SolutionProperties) = preSolution
		HideSolutionNode = FALSE
	EndGlobalSection
	GlobalSection(ExtensibilityGlobals) = postSolution
		SolutionGuid = {176FC7B5-FAE5-4545-A9DC-A636B902C8D9}
	EndGlobalSection
EndGlobal
